
Microsoft Visual Studio Solution File, Format Version 12.00
# Visual Studio Version 16
VisualStudioVersion = 16.0.29709.97
MinimumVisualStudioVersion = 10.0.40219.1
Project("{9A19103F-16F7-4668-BE54-9A1E7A4F7556}") = "Beehive", "Beehive.csproj", "{E78962CD-12EE-4338-A592-AF640BE2E52F}"
EndProject
Global
	GlobalSection(SolutionConfigurationPlatforms) = preSolution
		Debug|Any CPU = Debug|Any CPU
		Release|Any CPU = Release|Any CPU
	EndGlobalSection
	GlobalSection(ProjectConfigurationPlatforms) = postSolution
		{E78962CD-12EE-4338-A592-AF640BE2E52F}.Debug|Any CPU.ActiveCfg = Debug|Any CPU
		{E78962CD-12EE-4338-A592-AF640BE2E52F}.Debug|Any CPU.Build.0 = Debug|Any CPU
		{E78962CD-12EE-4338-A592-AF640BE2E52F}.Release|Any CPU.ActiveCfg = Release|Any CPU
		{E78962CD-12EE-4338-A592-AF640BE2E52F}.Release|Any CPU.Build.0 = Release|Any CPU
	EndGlobalSection
	GlobalSection(SolutionProperties) = preSolution
		HideSolutionNode = FALSE
	EndGlobalSection
	GlobalSection(ExtensibilityGlobals) = postSolution
		SolutionGuid = {376569E5-F276-4729-8DFA-217DBAF4CAB4}
	EndGlobalSection
EndGlobal
